// !$*UTF8*$!
{
	archiveVersion = 1;
	classes = {
	};
	objectVersion = 51;
	objects = {

/* Begin PBXBuildFile section */
		AF6006115154D44E5FB5F3D7 /* Pods_Pricing_Right.framework in Frameworks */ = {isa = PBXBuildFile; fileRef = 1882F94493044347354DB2B5 /* Pods_Pricing_Right.framework */; };
		F61C283A2560C48900A75125 /* AppDelegate.swift in Sources */ = {isa = PBXBuildFile; fileRef = F61C28392560C48900A75125 /* AppDelegate.swift */; };
		F61C283C2560C48900A75125 /* SceneDelegate.swift in Sources */ = {isa = PBXBuildFile; fileRef = F61C283B2560C48900A75125 /* SceneDelegate.swift */; };
		F61C283E2560C48900A75125 /* ViewController.swift in Sources */ = {isa = PBXBuildFile; fileRef = F61C283D2560C48900A75125 /* ViewController.swift */; };
		F61C28412560C48900A75125 /* Main.storyboard in Resources */ = {isa = PBXBuildFile; fileRef = F61C283F2560C48900A75125 /* Main.storyboard */; };
		F61C28442560C48900A75125 /* Pricing_Right.xcdatamodeld in Sources */ = {isa = PBXBuildFile; fileRef = F61C28422560C48900A75125 /* Pricing_Right.xcdatamodeld */; };
		F61C28462560C48B00A75125 /* Assets.xcassets in Resources */ = {isa = PBXBuildFile; fileRef = F61C28452560C48B00A75125 /* Assets.xcassets */; };
		F61C28492560C48B00A75125 /* LaunchScreen.storyboard in Resources */ = {isa = PBXBuildFile; fileRef = F61C28472560C48B00A75125 /* LaunchScreen.storyboard */; };
		F61C2857256183D100A75125 /* Company.swift in Sources */ = {isa = PBXBuildFile; fileRef = F61C2856256183D100A75125 /* Company.swift */; };
		F61C285B25619A5F00A75125 /*  Service_Price.swift in Sources */ = {isa = PBXBuildFile; fileRef = F61C285A25619A5F00A75125 /*  Service_Price.swift */; };
		F61C28862561BD0D00A75125 /* One_dance.ttf in Resources */ = {isa = PBXBuildFile; fileRef = F61C28842561BCFD00A75125 /* One_dance.ttf */; };
		F61C28892561D17400A75125 /* Client.swift in Sources */ = {isa = PBXBuildFile; fileRef = F61C28882561D17400A75125 /* Client.swift */; };
		F61C288C2561DE8F00A75125 /* Global Variables.swift in Sources */ = {isa = PBXBuildFile; fileRef = F61C288B2561DE8F00A75125 /* Global Variables.swift */; };
		F61C28902561FA8300A75125 /* ServicesTableViewController.swift in Sources */ = {isa = PBXBuildFile; fileRef = F61C288F2561FA8300A75125 /* ServicesTableViewController.swift */; };
/* End PBXBuildFile section */

/* Begin PBXFileReference section */
		1882F94493044347354DB2B5 /* Pods_Pricing_Right.framework */ = {isa = PBXFileReference; explicitFileType = wrapper.framework; includeInIndex = 0; path = Pods_Pricing_Right.framework; sourceTree = BUILT_PRODUCTS_DIR; };
		F18FF66667CCAE2B97684CC0 /* Pods-Pricing Right.debug.xcconfig */ = {isa = PBXFileReference; includeInIndex = 1; lastKnownFileType = text.xcconfig; name = "Pods-Pricing Right.debug.xcconfig"; path = "Target Support Files/Pods-Pricing Right/Pods-Pricing Right.debug.xcconfig"; sourceTree = "<group>"; };
		F61C28362560C48900A75125 /* Pricing Right.app */ = {isa = PBXFileReference; explicitFileType = wrapper.application; includeInIndex = 0; path = "Pricing Right.app"; sourceTree = BUILT_PRODUCTS_DIR; };
		F61C28392560C48900A75125 /* AppDelegate.swift */ = {isa = PBXFileReference; lastKnownFileType = sourcecode.swift; path = AppDelegate.swift; sourceTree = "<group>"; };
		F61C283B2560C48900A75125 /* SceneDelegate.swift */ = {isa = PBXFileReference; lastKnownFileType = sourcecode.swift; path = SceneDelegate.swift; sourceTree = "<group>"; };
		F61C283D2560C48900A75125 /* ViewController.swift */ = {isa = PBXFileReference; lastKnownFileType = sourcecode.swift; path = ViewController.swift; sourceTree = "<group>"; };
		F61C28402560C48900A75125 /* Base */ = {isa = PBXFileReference; lastKnownFileType = file.storyboard; name = Base; path = Base.lproj/Main.storyboard; sourceTree = "<group>"; };
		F61C28432560C48900A75125 /* Pricing_Right.xcdatamodel */ = {isa = PBXFileReference; lastKnownFileType = wrapper.xcdatamodel; path = Pricing_Right.xcdatamodel; sourceTree = "<group>"; };
		F61C28452560C48B00A75125 /* Assets.xcassets */ = {isa = PBXFileReference; lastKnownFileType = folder.assetcatalog; path = Assets.xcassets; sourceTree = "<group>"; };
		F61C28482560C48B00A75125 /* Base */ = {isa = PBXFileReference; lastKnownFileType = file.storyboard; name = Base; path = Base.lproj/LaunchScreen.storyboard; sourceTree = "<group>"; };
		F61C284A2560C48B00A75125 /* Info.plist */ = {isa = PBXFileReference; lastKnownFileType = text.plist.xml; path = Info.plist; sourceTree = "<group>"; };
		F61C2856256183D100A75125 /* Company.swift */ = {isa = PBXFileReference; lastKnownFileType = sourcecode.swift; path = Company.swift; sourceTree = "<group>"; };
		F61C285A25619A5F00A75125 /*  Service_Price.swift */ = {isa = PBXFileReference; lastKnownFileType = sourcecode.swift; path = " Service_Price.swift"; sourceTree = "<group>"; };
		F61C28842561BCFD00A75125 /* One_dance.ttf */ = {isa = PBXFileReference; lastKnownFileType = file; path = One_dance.ttf; sourceTree = "<group>"; };
		F61C28882561D17400A75125 /* Client.swift */ = {isa = PBXFileReference; lastKnownFileType = sourcecode.swift; path = Client.swift; sourceTree = "<group>"; };
		F61C288B2561DE8F00A75125 /* Global Variables.swift */ = {isa = PBXFileReference; lastKnownFileType = sourcecode.swift; path = "Global Variables.swift"; sourceTree = "<group>"; };
		F61C288F2561FA8300A75125 /* ServicesTableViewController.swift */ = {isa = PBXFileReference; lastKnownFileType = sourcecode.swift; path = ServicesTableViewController.swift; sourceTree = "<group>"; };
		F973797559A54460BB1E488C /* Pods-Pricing Right.release.xcconfig */ = {isa = PBXFileReference; includeInIndex = 1; lastKnownFileType = text.xcconfig; name = "Pods-Pricing Right.release.xcconfig"; path = "Target Support Files/Pods-Pricing Right/Pods-Pricing Right.release.xcconfig"; sourceTree = "<group>"; };
/* End PBXFileReference section */

/* Begin PBXFrameworksBuildPhase section */
		F61C28332560C48900A75125 /* Frameworks */ = {
			isa = PBXFrameworksBuildPhase;
			buildActionMask = 2147483647;
			files = (
				AF6006115154D44E5FB5F3D7 /* Pods_Pricing_Right.framework in Frameworks */,
			);
			runOnlyForDeploymentPostprocessing = 0;
		};
/* End PBXFrameworksBuildPhase section */

/* Begin PBXGroup section */
		6EB7AE337DD1A6CD31C8D42C /* Pods */ = {
			isa = PBXGroup;
			children = (
				F18FF66667CCAE2B97684CC0 /* Pods-Pricing Right.debug.xcconfig */,
				F973797559A54460BB1E488C /* Pods-Pricing Right.release.xcconfig */,
			);
			path = Pods;
			sourceTree = "<group>";
		};
		826CF6CDEE08153F78C4EE9D /* Frameworks */ = {
			isa = PBXGroup;
			children = (
				1882F94493044347354DB2B5 /* Pods_Pricing_Right.framework */,
			);
			name = Frameworks;
			sourceTree = "<group>";
		};
		F61C282D2560C48900A75125 = {
			isa = PBXGroup;
			children = (
				F61C28382560C48900A75125 /* Pricing Right */,
				F61C28372560C48900A75125 /* Products */,
				6EB7AE337DD1A6CD31C8D42C /* Pods */,
				826CF6CDEE08153F78C4EE9D /* Frameworks */,
			);
			sourceTree = "<group>";
		};
		F61C28372560C48900A75125 /* Products */ = {
			isa = PBXGroup;
			children = (
				F61C28362560C48900A75125 /* Pricing Right.app */,
			);
			name = Products;
			sourceTree = "<group>";
		};
		F61C28382560C48900A75125 /* Pricing Right */ = {
			isa = PBXGroup;
			children = (
				F61C2892256204F300A75125 /* View */,
				F61C28392560C48900A75125 /* AppDelegate.swift */,
				F61C28552561831400A75125 /* Model */,
				F61C283B2560C48900A75125 /* SceneDelegate.swift */,
				F61C288E2561F9EA00A75125 /* Controller */,
				F61C28452560C48B00A75125 /* Assets.xcassets */,
				F61C28472560C48B00A75125 /* LaunchScreen.storyboard */,
				F61C284A2560C48B00A75125 /* Info.plist */,
				F61C28422560C48900A75125 /* Pricing_Right.xcdatamodeld */,
				F61C28842561BCFD00A75125 /* One_dance.ttf */,
			);
			path = "Pricing Right";
			sourceTree = "<group>";
		};
		F61C28552561831400A75125 /* Model */ = {
			isa = PBXGroup;
			children = (
				F61C2856256183D100A75125 /* Company.swift */,
				F61C285A25619A5F00A75125 /*  Service_Price.swift */,
				F61C28882561D17400A75125 /* Client.swift */,
				F61C288B2561DE8F00A75125 /* Global Variables.swift */,
			);
			path = Model;
			sourceTree = "<group>";
		};
		F61C288E2561F9EA00A75125 /* Controller */ = {
			isa = PBXGroup;
			children = (
				F61C283D2560C48900A75125 /* ViewController.swift */,
				F61C288F2561FA8300A75125 /* ServicesTableViewController.swift */,
			);
			path = Controller;
			sourceTree = "<group>";
		};
		F61C2892256204F300A75125 /* View */ = {
			isa = PBXGroup;
			children = (
				F61C283F2560C48900A75125 /* Main.storyboard */,
			);
			path = View;
			sourceTree = "<group>";
		};
/* End PBXGroup section */

/* Begin PBXNativeTarget section */
		F61C28352560C48900A75125 /* Pricing Right */ = {
			isa = PBXNativeTarget;
			buildConfigurationList = F61C284D2560C48B00A75125 /* Build configuration list for PBXNativeTarget "Pricing Right" */;
			buildPhases = (
				E50294BD1DFECBDF46B2C6E5 /* [CP] Check Pods Manifest.lock */,
				F61C28322560C48900A75125 /* Sources */,
				F61C28332560C48900A75125 /* Frameworks */,
				F61C28342560C48900A75125 /* Resources */,
				052D4EDBAC645ACA4856DB7F /* [CP] Embed Pods Frameworks */,
			);
			buildRules = (
			);
			dependencies = (
			);
			name = "Pricing Right";
			productName = "Pricing Right";
			productReference = F61C28362560C48900A75125 /* Pricing Right.app */;
			productType = "com.apple.product-type.application";
		};
/* End PBXNativeTarget section */

/* Begin PBXProject section */
		F61C282E2560C48900A75125 /* Project object */ = {
			isa = PBXProject;
			attributes = {
				LastSwiftUpdateCheck = 1220;
				LastUpgradeCheck = 1220;
				TargetAttributes = {
					F61C28352560C48900A75125 = {
						CreatedOnToolsVersion = 12.2;
					};
				};
			};
			buildConfigurationList = F61C28312560C48900A75125 /* Build configuration list for PBXProject "Pricing Right" */;
			compatibilityVersion = "Xcode 9.3";
			developmentRegion = en;
			hasScannedForEncodings = 0;
			knownRegions = (
				en,
				Base,
			);
			mainGroup = F61C282D2560C48900A75125;
			productRefGroup = F61C28372560C48900A75125 /* Products */;
			projectDirPath = "";
			projectRoot = "";
			targets = (
				F61C28352560C48900A75125 /* Pricing Right */,
			);
		};
/* End PBXProject section */

/* Begin PBXResourcesBuildPhase section */
		F61C28342560C48900A75125 /* Resources */ = {
			isa = PBXResourcesBuildPhase;
			buildActionMask = 2147483647;
			files = (
				F61C28862561BD0D00A75125 /* One_dance.ttf in Resources */,
				F61C28492560C48B00A75125 /* LaunchScreen.storyboard in Resources */,
				F61C28462560C48B00A75125 /* Assets.xcassets in Resources */,
				F61C28412560C48900A75125 /* Main.storyboard in Resources */,
			);
			runOnlyForDeploymentPostprocessing = 0;
		};
/* End PBXResourcesBuildPhase section */

/* Begin PBXShellScriptBuildPhase section */
		052D4EDBAC645ACA4856DB7F /* [CP] Embed Pods Frameworks */ = {
			isa = PBXShellScriptBuildPhase;
			buildActionMask = 2147483647;
			files = (
			);
			inputFileListPaths = (
				"${PODS_ROOT}/Target Support Files/Pods-Pricing Right/Pods-Pricing Right-frameworks-${CONFIGURATION}-input-files.xcfilelist",
			);
			name = "[CP] Embed Pods Frameworks";
			outputFileListPaths = (
				"${PODS_ROOT}/Target Support Files/Pods-Pricing Right/Pods-Pricing Right-frameworks-${CONFIGURATION}-output-files.xcfilelist",
			);
			runOnlyForDeploymentPostprocessing = 0;
			shellPath = /bin/sh;
			shellScript = "\"${PODS_ROOT}/Target Support Files/Pods-Pricing Right/Pods-Pricing Right-frameworks.sh\"\n";
			showEnvVarsInLog = 0;
		};
		E50294BD1DFECBDF46B2C6E5 /* [CP] Check Pods Manifest.lock */ = {
			isa = PBXShellScriptBuildPhase;
			buildActionMask = 2147483647;
			files = (
			);
			inputFileListPaths = (
			);
			inputPaths = (
				"${PODS_PODFILE_DIR_PATH}/Podfile.lock",
				"${PODS_ROOT}/Manifest.lock",
			);
			name = "[CP] Check Pods Manifest.lock";
			outputFileListPaths = (
			);
			outputPaths = (
				"$(DERIVED_FILE_DIR)/Pods-Pricing Right-checkManifestLockResult.txt",
			);
			runOnlyForDeploymentPostprocessing = 0;
			shellPath = /bin/sh;
			shellScript = "diff \"${PODS_PODFILE_DIR_PATH}/Podfile.lock\" \"${PODS_ROOT}/Manifest.lock\" > /dev/null\nif [ $? != 0 ] ; then\n    # print error to STDERR\n    echo \"error: The sandbox is not in sync with the Podfile.lock. Run 'pod install' or update your CocoaPods installation.\" >&2\n    exit 1\nfi\n# This output is used by Xcode 'outputs' to avoid re-running this script phase.\necho \"SUCCESS\" > \"${SCRIPT_OUTPUT_FILE_0}\"\n";
			showEnvVarsInLog = 0;
		};
/* End PBXShellScriptBuildPhase section */

/* Begin PBXSourcesBuildPhase section */
		F61C28322560C48900A75125 /* Sources */ = {
			isa = PBXSourcesBuildPhase;
			buildActionMask = 2147483647;
			files = (
				F61C283E2560C48900A75125 /* ViewController.swift in Sources */,
				F61C28892561D17400A75125 /* Client.swift in Sources */,
				F61C283A2560C48900A75125 /* AppDelegate.swift in Sources */,
				F61C288C2561DE8F00A75125 /* Global Variables.swift in Sources */,
				F61C283C2560C48900A75125 /* SceneDelegate.swift in Sources */,
				F61C2857256183D100A75125 /* Company.swift in Sources */,
				F61C285B25619A5F00A75125 /*  Service_Price.swift in Sources */,
				F61C28902561FA8300A75125 /* ServicesTableViewController.swift in Sources */,
				F61C28442560C48900A75125 /* Pricing_Right.xcdatamodeld in Sources */,
			);
			runOnlyForDeploymentPostprocessing = 0;
		};
/* End PBXSourcesBuildPhase section */

/* Begin PBXVariantGroup section */
		F61C283F2560C48900A75125 /* Main.storyboard */ = {
			isa = PBXVariantGroup;
			children = (
				F61C28402560C48900A75125 /* Base */,
			);
			name = Main.storyboard;
			sourceTree = "<group>";
		};
		F61C28472560C48B00A75125 /* LaunchScreen.storyboard */ = {
			isa = PBXVariantGroup;
			children = (
				F61C28482560C48B00A75125 /* Base */,
			);
			name = LaunchScreen.storyboard;
			sourceTree = "<group>";
		};
/* End PBXVariantGroup section */

/* Begin XCBuildConfiguration section */
		F61C284B2560C48B00A75125 /* Debug */ = {
			isa = XCBuildConfiguration;
			buildSettings = {
				ALWAYS_SEARCH_USER_PATHS = NO;
				CLANG_ANALYZER_NONNULL = YES;
				CLANG_ANALYZER_NUMBER_OBJECT_CONVERSION = YES_AGGRESSIVE;
				CLANG_CXX_LANGUAGE_STANDARD = "gnu++14";
				CLANG_CXX_LIBRARY = "libc++";
				CLANG_ENABLE_MODULES = YES;
				CLANG_ENABLE_OBJC_ARC = YES;
				CLANG_ENABLE_OBJC_WEAK = YES;
				CLANG_WARN_BLOCK_CAPTURE_AUTORELEASING = YES;
				CLANG_WARN_BOOL_CONVERSION = YES;
				CLANG_WARN_COMMA = YES;
				CLANG_WARN_CONSTANT_CONVERSION = YES;
				CLANG_WARN_DEPRECATED_OBJC_IMPLEMENTATIONS = YES;
				CLANG_WARN_DIRECT_OBJC_ISA_USAGE = YES_ERROR;
				CLANG_WARN_DOCUMENTATION_COMMENTS = YES;
				CLANG_WARN_EMPTY_BODY = YES;
				CLANG_WARN_ENUM_CONVERSION = YES;
				CLANG_WARN_INFINITE_RECURSION = YES;
				CLANG_WARN_INT_CONVERSION = YES;
				CLANG_WARN_NON_LITERAL_NULL_CONVERSION = YES;
				CLANG_WARN_OBJC_IMPLICIT_RETAIN_SELF = YES;
				CLANG_WARN_OBJC_LITERAL_CONVERSION = YES;
				CLANG_WARN_OBJC_ROOT_CLASS = YES_ERROR;
				CLANG_WARN_QUOTED_INCLUDE_IN_FRAMEWORK_HEADER = YES;
				CLANG_WARN_RANGE_LOOP_ANALYSIS = YES;
				CLANG_WARN_STRICT_PROTOTYPES = YES;
				CLANG_WARN_SUSPICIOUS_MOVE = YES;
				CLANG_WARN_UNGUARDED_AVAILABILITY = YES_AGGRESSIVE;
				CLANG_WARN_UNREACHABLE_CODE = YES;
				CLANG_WARN__DUPLICATE_METHOD_MATCH = YES;
				COPY_PHASE_STRIP = NO;
				DEBUG_INFORMATION_FORMAT = dwarf;
				ENABLE_STRICT_OBJC_MSGSEND = YES;
				ENABLE_TESTABILITY = YES;
				GCC_C_LANGUAGE_STANDARD = gnu11;
				GCC_DYNAMIC_NO_PIC = NO;
				GCC_NO_COMMON_BLOCKS = YES;
				GCC_OPTIMIZATION_LEVEL = 0;
				GCC_PREPROCESSOR_DEFINITIONS = (
					"DEBUG=1",
					"$(inherited)",
				);
				GCC_WARN_64_TO_32_BIT_CONVERSION = YES;
				GCC_WARN_ABOUT_RETURN_TYPE = YES_ERROR;
				GCC_WARN_UNDECLARED_SELECTOR = YES;
				GCC_WARN_UNINITIALIZED_AUTOS = YES_AGGRESSIVE;
				GCC_WARN_UNUSED_FUNCTION = YES;
				GCC_WARN_UNUSED_VARIABLE = YES;
				IPHONEOS_DEPLOYMENT_TARGET = 14.2;
				MTL_ENABLE_DEBUG_INFO = INCLUDE_SOURCE;
				MTL_FAST_MATH = YES;
				ONLY_ACTIVE_ARCH = YES;
				SDKROOT = iphoneos;
				SWIFT_ACTIVE_COMPILATION_CONDITIONS = DEBUG;
				SWIFT_OPTIMIZATION_LEVEL = "-Onone";
			};
			name = Debug;
		};
		F61C284C2560C48B00A75125 /* Release */ = {
			isa = XCBuildConfiguration;
			buildSettings = {
				ALWAYS_SEARCH_USER_PATHS = NO;
				CLANG_ANALYZER_NONNULL = YES;
				CLANG_ANALYZER_NUMBER_OBJECT_CONVERSION = YES_AGGRESSIVE;
				CLANG_CXX_LANGUAGE_STANDARD = "gnu++14";
				CLANG_CXX_LIBRARY = "libc++";
				CLANG_ENABLE_MODULES = YES;
				CLANG_ENABLE_OBJC_ARC = YES;
				CLANG_ENABLE_OBJC_WEAK = YES;
				CLANG_WARN_BLOCK_CAPTURE_AUTORELEASING = YES;
				CLANG_WARN_BOOL_CONVERSION = YES;
				CLANG_WARN_COMMA = YES;
				CLANG_WARN_CONSTANT_CONVERSION = YES;
				CLANG_WARN_DEPRECATED_OBJC_IMPLEMENTATIONS = YES;
				CLANG_WARN_DIRECT_OBJC_ISA_USAGE = YES_ERROR;
				CLANG_WARN_DOCUMENTATION_COMMENTS = YES;
				CLANG_WARN_EMPTY_BODY = YES;
				CLANG_WARN_ENUM_CONVERSION = YES;
				CLANG_WARN_INFINITE_RECURSION = YES;
				CLANG_WARN_INT_CONVERSION = YES;
				CLANG_WARN_NON_LITERAL_NULL_CONVERSION = YES;
				CLANG_WARN_OBJC_IMPLICIT_RETAIN_SELF = YES;
				CLANG_WARN_OBJC_LITERAL_CONVERSION = YES;
				CLANG_WARN_OBJC_ROOT_CLASS = YES_ERROR;
				CLANG_WARN_QUOTED_INCLUDE_IN_FRAMEWORK_HEADER = YES;
				CLANG_WARN_RANGE_LOOP_ANALYSIS = YES;
				CLANG_WARN_STRICT_PROTOTYPES = YES;
				CLANG_WARN_SUSPICIOUS_MOVE = YES;
				CLANG_WARN_UNGUARDED_AVAILABILITY = YES_AGGRESSIVE;
				CLANG_WARN_UNREACHABLE_CODE = YES;
				CLANG_WARN__DUPLICATE_METHOD_MATCH = YES;
				COPY_PHASE_STRIP = NO;
				DEBUG_INFORMATION_FORMAT = "dwarf-with-dsym";
				ENABLE_NS_ASSERTIONS = NO;
				ENABLE_STRICT_OBJC_MSGSEND = YES;
				GCC_C_LANGUAGE_STANDARD = gnu11;
				GCC_NO_COMMON_BLOCKS = YES;
				GCC_WARN_64_TO_32_BIT_CONVERSION = YES;
				GCC_WARN_ABOUT_RETURN_TYPE = YES_ERROR;
				GCC_WARN_UNDECLARED_SELECTOR = YES;
				GCC_WARN_UNINITIALIZED_AUTOS = YES_AGGRESSIVE;
				GCC_WARN_UNUSED_FUNCTION = YES;
				GCC_WARN_UNUSED_VARIABLE = YES;
				IPHONEOS_DEPLOYMENT_TARGET = 14.2;
				MTL_ENABLE_DEBUG_INFO = NO;
				MTL_FAST_MATH = YES;
				SDKROOT = iphoneos;
				SWIFT_COMPILATION_MODE = wholemodule;
				SWIFT_OPTIMIZATION_LEVEL = "-O";
				VALIDATE_PRODUCT = YES;
			};
			name = Release;
		};
		F61C284E2560C48B00A75125 /* Debug */ = {
			isa = XCBuildConfiguration;
			baseConfigurationReference = F18FF66667CCAE2B97684CC0 /* Pods-Pricing Right.debug.xcconfig */;
			buildSettings = {
				ASSETCATALOG_COMPILER_APPICON_NAME = AppIcon;
				ASSETCATALOG_COMPILER_GLOBAL_ACCENT_COLOR_NAME = AccentColor;
				CODE_SIGN_STYLE = Automatic;
				INFOPLIST_FILE = "Pricing Right/Info.plist";
				LD_RUNPATH_SEARCH_PATHS = (
					"$(inherited)",
					"@executable_path/Frameworks",
				);
				PRODUCT_BUNDLE_IDENTIFIER = "com.n28Tech.Pricing-Right";
				PRODUCT_NAME = "$(TARGET_NAME)";
				SWIFT_VERSION = 5.0;
				TARGETED_DEVICE_FAMILY = "1,2";
			};
			name = Debug;
		};
		F61C284F2560C48B00A75125 /* Release */ = {
			isa = XCBuildConfiguration;
			baseConfigurationReference = F973797559A54460BB1E488C /* Pods-Pricing Right.release.xcconfig */;
			buildSettings = {
				ASSETCATALOG_COMPILER_APPICON_NAME = AppIcon;
				ASSETCATALOG_COMPILER_GLOBAL_ACCENT_COLOR_NAME = AccentColor;
				CODE_SIGN_STYLE = Automatic;
				INFOPLIST_FILE = "Pricing Right/Info.plist";
				LD_RUNPATH_SEARCH_PATHS = (
					"$(inherited)",
					"@executable_path/Frameworks",
				);
				PRODUCT_BUNDLE_IDENTIFIER = "com.n28Tech.Pricing-Right";
				PRODUCT_NAME = "$(TARGET_NAME)";
				SWIFT_VERSION = 5.0;
				TARGETED_DEVICE_FAMILY = "1,2";
			};
			name = Release;
		};
/* End XCBuildConfiguration section */

/* Begin XCConfigurationList section */
		F61C28312560C48900A75125 /* Build configuration list for PBXProject "Pricing Right" */ = {
			isa = XCConfigurationList;
			buildConfigurations = (
				F61C284B2560C48B00A75125 /* Debug */,
				F61C284C2560C48B00A75125 /* Release */,
			);
			defaultConfigurationIsVisible = 0;
			defaultConfigurationName = Release;
		};
		F61C284D2560C48B00A75125 /* Build configuration list for PBXNativeTarget "Pricing Right" */ = {
			isa = XCConfigurationList;
			buildConfigurations = (
				F61C284E2560C48B00A75125 /* Debug */,
				F61C284F2560C48B00A75125 /* Release */,
			);
			defaultConfigurationIsVisible = 0;
			defaultConfigurationName = Release;
		};
/* End XCConfigurationList section */

/* Begin XCVersionGroup section */
		F61C28422560C48900A75125 /* Pricing_Right.xcdatamodeld */ = {
			isa = XCVersionGroup;
			children = (
				F61C28432560C48900A75125 /* Pricing_Right.xcdatamodel */,
			);
			currentVersion = F61C28432560C48900A75125 /* Pricing_Right.xcdatamodel */;
			path = Pricing_Right.xcdatamodeld;
			sourceTree = "<group>";
			versionGroupType = wrapper.xcdatamodel;
		};
/* End XCVersionGroup section */
	};
	rootObject = F61C282E2560C48900A75125 /* Project object */;
}
